
Microsoft Visual Studio Solution File, Format Version 12.00
# Visual Studio 15
VisualStudioVersion = 15.0.27703.2035
MinimumVisualStudioVersion = 10.0.40219.1
Project("{FAE04EC0-301F-11D3-BF4B-00C04F79EFBC}") = "CourseManagement", "CourseManagement\CourseManagement.csproj", "{B99497EE-C584-4E61-AC12-F667810F32FA}"
EndProject
Project("{FAE04EC0-301F-11D3-BF4B-00C04F79EFBC}") = "CourseManagementUnitTests", "CourseManagementUnitTests\CourseManagementUnitTests.csproj", "{5B6040D2-33F9-4D5A-A36A-703D424BBBCF}"
EndProject
Project("{FAE04EC0-301F-11D3-BF4B-00C04F79EFBC}") = "CourseManagementDesktop", "CourseManagementDesktop\CourseManagementDesktop.csproj", "{DAD294BC-C199-47AB-81DC-5AF68106886A}"
EndProject
Project("{FAE04EC0-301F-11D3-BF4B-00C04F79EFBC}") = "CourseManagementLibrary", "CourseManagementLibrary\CourseManagementLibrary.csproj", "{409EFD3A-1AC0-4E51-B5F2-2F413EB04C47}"
EndProject
Global
	GlobalSection(SolutionConfigurationPlatforms) = preSolution
		Debug|Any CPU = Debug|Any CPU
		Debug|ARM = Debug|ARM
		Debug|ARM64 = Debug|ARM64
		Debug|x64 = Debug|x64
		Debug|x86 = Debug|x86
		Release|Any CPU = Release|Any CPU
		Release|ARM = Release|ARM
		Release|ARM64 = Release|ARM64
		Release|x64 = Release|x64
		Release|x86 = Release|x86
	EndGlobalSection
	GlobalSection(ProjectConfigurationPlatforms) = postSolution
		{B99497EE-C584-4E61-AC12-F667810F32FA}.Debug|Any CPU.ActiveCfg = Debug|Any CPU
		{B99497EE-C584-4E61-AC12-F667810F32FA}.Debug|Any CPU.Build.0 = Debug|Any CPU
		{B99497EE-C584-4E61-AC12-F667810F32FA}.Debug|ARM.ActiveCfg = Debug|Any CPU
		{B99497EE-C584-4E61-AC12-F667810F32FA}.Debug|ARM.Build.0 = Debug|Any CPU
		{B99497EE-C584-4E61-AC12-F667810F32FA}.Debug|ARM64.ActiveCfg = Debug|Any CPU
		{B99497EE-C584-4E61-AC12-F667810F32FA}.Debug|ARM64.Build.0 = Debug|Any CPU
		{B99497EE-C584-4E61-AC12-F667810F32FA}.Debug|x64.ActiveCfg = Debug|Any CPU
		{B99497EE-C584-4E61-AC12-F667810F32FA}.Debug|x64.Build.0 = Debug|Any CPU
		{B99497EE-C584-4E61-AC12-F667810F32FA}.Debug|x86.ActiveCfg = Debug|Any CPU
		{B99497EE-C584-4E61-AC12-F667810F32FA}.Debug|x86.Build.0 = Debug|Any CPU
		{B99497EE-C584-4E61-AC12-F667810F32FA}.Release|Any CPU.ActiveCfg = Release|Any CPU
		{B99497EE-C584-4E61-AC12-F667810F32FA}.Release|Any CPU.Build.0 = Release|Any CPU
		{B99497EE-C584-4E61-AC12-F667810F32FA}.Release|ARM.ActiveCfg = Release|Any CPU
		{B99497EE-C584-4E61-AC12-F667810F32FA}.Release|ARM.Build.0 = Release|Any CPU
		{B99497EE-C584-4E61-AC12-F667810F32FA}.Release|ARM64.ActiveCfg = Release|Any CPU
		{B99497EE-C584-4E61-AC12-F667810F32FA}.Release|ARM64.Build.0 = Release|Any CPU
		{B99497EE-C584-4E61-AC12-F667810F32FA}.Release|x64.ActiveCfg = Release|Any CPU
		{B99497EE-C584-4E61-AC12-F667810F32FA}.Release|x64.Build.0 = Release|Any CPU
		{B99497EE-C584-4E61-AC12-F667810F32FA}.Release|x86.ActiveCfg = Release|Any CPU
		{B99497EE-C584-4E61-AC12-F667810F32FA}.Release|x86.Build.0 = Release|Any CPU
		{5B6040D2-33F9-4D5A-A36A-703D424BBBCF}.Debug|Any CPU.ActiveCfg = Debug|Any CPU
		{5B6040D2-33F9-4D5A-A36A-703D424BBBCF}.Debug|Any CPU.Build.0 = Debug|Any CPU
		{5B6040D2-33F9-4D5A-A36A-703D424BBBCF}.Debug|ARM.ActiveCfg = Debug|Any CPU
		{5B6040D2-33F9-4D5A-A36A-703D424BBBCF}.Debug|ARM.Build.0 = Debug|Any CPU
		{5B6040D2-33F9-4D5A-A36A-703D424BBBCF}.Debug|ARM64.ActiveCfg = Debug|Any CPU
		{5B6040D2-33F9-4D5A-A36A-703D424BBBCF}.Debug|ARM64.Build.0 = Debug|Any CPU
		{5B6040D2-33F9-4D5A-A36A-703D424BBBCF}.Debug|x64.ActiveCfg = Debug|Any CPU
		{5B6040D2-33F9-4D5A-A36A-703D424BBBCF}.Debug|x64.Build.0 = Debug|Any CPU
		{5B6040D2-33F9-4D5A-A36A-703D424BBBCF}.Debug|x86.ActiveCfg = Debug|Any CPU
		{5B6040D2-33F9-4D5A-A36A-703D424BBBCF}.Debug|x86.Build.0 = Debug|Any CPU
		{5B6040D2-33F9-4D5A-A36A-703D424BBBCF}.Release|Any CPU.ActiveCfg = Release|Any CPU
		{5B6040D2-33F9-4D5A-A36A-703D424BBBCF}.Release|Any CPU.Build.0 = Release|Any CPU
		{5B6040D2-33F9-4D5A-A36A-703D424BBBCF}.Release|ARM.ActiveCfg = Release|Any CPU
		{5B6040D2-33F9-4D5A-A36A-703D424BBBCF}.Release|ARM.Build.0 = Release|Any CPU
		{5B6040D2-33F9-4D5A-A36A-703D424BBBCF}.Release|ARM64.ActiveCfg = Release|Any CPU
		{5B6040D2-33F9-4D5A-A36A-703D424BBBCF}.Release|ARM64.Build.0 = Release|Any CPU
		{5B6040D2-33F9-4D5A-A36A-703D424BBBCF}.Release|x64.ActiveCfg = Release|Any CPU
		{5B6040D2-33F9-4D5A-A36A-703D424BBBCF}.Release|x64.Build.0 = Release|Any CPU
		{5B6040D2-33F9-4D5A-A36A-703D424BBBCF}.Release|x86.ActiveCfg = Release|Any CPU
		{5B6040D2-33F9-4D5A-A36A-703D424BBBCF}.Release|x86.Build.0 = Release|Any CPU
		{DAD294BC-C199-47AB-81DC-5AF68106886A}.Debug|Any CPU.ActiveCfg = Debug|x86
		{DAD294BC-C199-47AB-81DC-5AF68106886A}.Debug|ARM.ActiveCfg = Debug|ARM
		{DAD294BC-C199-47AB-81DC-5AF68106886A}.Debug|ARM.Build.0 = Debug|ARM
		{DAD294BC-C199-47AB-81DC-5AF68106886A}.Debug|ARM.Deploy.0 = Debug|ARM
		{DAD294BC-C199-47AB-81DC-5AF68106886A}.Debug|ARM64.ActiveCfg = Debug|ARM64
		{DAD294BC-C199-47AB-81DC-5AF68106886A}.Debug|ARM64.Build.0 = Debug|ARM64
		{DAD294BC-C199-47AB-81DC-5AF68106886A}.Debug|ARM64.Deploy.0 = Debug|ARM64
		{DAD294BC-C199-47AB-81DC-5AF68106886A}.Debug|x64.ActiveCfg = Debug|x64
		{DAD294BC-C199-47AB-81DC-5AF68106886A}.Debug|x64.Build.0 = Debug|x64
		{DAD294BC-C199-47AB-81DC-5AF68106886A}.Debug|x64.Deploy.0 = Debug|x64
		{DAD294BC-C199-47AB-81DC-5AF68106886A}.Debug|x86.ActiveCfg = Debug|x86
		{DAD294BC-C199-47AB-81DC-5AF68106886A}.Debug|x86.Build.0 = Debug|x86
		{DAD294BC-C199-47AB-81DC-5AF68106886A}.Debug|x86.Deploy.0 = Debug|x86
		{DAD294BC-C199-47AB-81DC-5AF68106886A}.Release|Any CPU.ActiveCfg = Release|x86
		{DAD294BC-C199-47AB-81DC-5AF68106886A}.Release|ARM.ActiveCfg = Release|ARM
		{DAD294BC-C199-47AB-81DC-5AF68106886A}.Release|ARM.Build.0 = Release|ARM
		{DAD294BC-C199-47AB-81DC-5AF68106886A}.Release|ARM.Deploy.0 = Release|ARM
		{DAD294BC-C199-47AB-81DC-5AF68106886A}.Release|ARM64.ActiveCfg = Release|ARM64
		{DAD294BC-C199-47AB-81DC-5AF68106886A}.Release|ARM64.Build.0 = Release|ARM64
		{DAD294BC-C199-47AB-81DC-5AF68106886A}.Release|ARM64.Deploy.0 = Release|ARM64
		{DAD294BC-C199-47AB-81DC-5AF68106886A}.Release|x64.ActiveCfg = Release|x64
		{DAD294BC-C199-47AB-81DC-5AF68106886A}.Release|x64.Build.0 = Release|x64
		{DAD294BC-C199-47AB-81DC-5AF68106886A}.Release|x64.Deploy.0 = Release|x64
		{DAD294BC-C199-47AB-81DC-5AF68106886A}.Release|x86.ActiveCfg = Release|x86
		{DAD294BC-C199-47AB-81DC-5AF68106886A}.Release|x86.Build.0 = Release|x86
		{DAD294BC-C199-47AB-81DC-5AF68106886A}.Release|x86.Deploy.0 = Release|x86
		{409EFD3A-1AC0-4E51-B5F2-2F413EB04C47}.Debug|Any CPU.ActiveCfg = Debug|Any CPU
		{409EFD3A-1AC0-4E51-B5F2-2F413EB04C47}.Debug|Any CPU.Build.0 = Debug|Any CPU
		{409EFD3A-1AC0-4E51-B5F2-2F413EB04C47}.Debug|ARM.ActiveCfg = Debug|Any CPU
		{409EFD3A-1AC0-4E51-B5F2-2F413EB04C47}.Debug|ARM.Build.0 = Debug|Any CPU
		{409EFD3A-1AC0-4E51-B5F2-2F413EB04C47}.Debug|ARM64.ActiveCfg = Debug|Any CPU
		{409EFD3A-1AC0-4E51-B5F2-2F413EB04C47}.Debug|ARM64.Build.0 = Debug|Any CPU
		{409EFD3A-1AC0-4E51-B5F2-2F413EB04C47}.Debug|x64.ActiveCfg = Debug|Any CPU
		{409EFD3A-1AC0-4E51-B5F2-2F413EB04C47}.Debug|x64.Build.0 = Debug|Any CPU
		{409EFD3A-1AC0-4E51-B5F2-2F413EB04C47}.Debug|x86.ActiveCfg = Debug|Any CPU
		{409EFD3A-1AC0-4E51-B5F2-2F413EB04C47}.Debug|x86.Build.0 = Debug|Any CPU
		{409EFD3A-1AC0-4E51-B5F2-2F413EB04C47}.Release|Any CPU.ActiveCfg = Release|Any CPU
		{409EFD3A-1AC0-4E51-B5F2-2F413EB04C47}.Release|Any CPU.Build.0 = Release|Any CPU
		{409EFD3A-1AC0-4E51-B5F2-2F413EB04C47}.Release|ARM.ActiveCfg = Release|Any CPU
		{409EFD3A-1AC0-4E51-B5F2-2F413EB04C47}.Release|ARM.Build.0 = Release|Any CPU
		{409EFD3A-1AC0-4E51-B5F2-2F413EB04C47}.Release|ARM64.ActiveCfg = Release|Any CPU
		{409EFD3A-1AC0-4E51-B5F2-2F413EB04C47}.Release|ARM64.Build.0 = Release|Any CPU
		{409EFD3A-1AC0-4E51-B5F2-2F413EB04C47}.Release|x64.ActiveCfg = Release|Any CPU
		{409EFD3A-1AC0-4E51-B5F2-2F413EB04C47}.Release|x64.Build.0 = Release|Any CPU
		{409EFD3A-1AC0-4E51-B5F2-2F413EB04C47}.Release|x86.ActiveCfg = Release|Any CPU
		{409EFD3A-1AC0-4E51-B5F2-2F413EB04C47}.Release|x86.Build.0 = Release|Any CPU
	EndGlobalSection
	GlobalSection(SolutionProperties) = preSolution
		HideSolutionNode = FALSE
	EndGlobalSection
	GlobalSection(ExtensibilityGlobals) = postSolution
		SolutionGuid = {55281DD7-1D11-4041-9721-9D199716C161}
	EndGlobalSection
EndGlobal
