
Microsoft Visual Studio Solution File, Format Version 12.00
# Visual Studio 15
VisualStudioVersion = 15.0.27703.2035
MinimumVisualStudioVersion = 10.0.40219.1
Project("{FAE04EC0-301F-11D3-BF4B-00C04F79EFBC}") = "CourseManagement", "CourseManagement\CourseManagement.csproj", "{B99497EE-C584-4E61-AC12-F667810F32FA}"
EndProject
Project("{FAE04EC0-301F-11D3-BF4B-00C04F79EFBC}") = "CourseManagementUnitTests", "CourseManagementUnitTests\CourseManagementUnitTests.csproj", "{5B6040D2-33F9-4D5A-A36A-703D424BBBCF}"
EndProject
Project("{FAE04EC0-301F-11D3-BF4B-00C04F79EFBC}") = "CoursesManagementDesktop", "CoursesManagementDesktop\CoursesManagementDesktop.csproj", "{821A8C82-D181-4DEB-B128-13FCFD6BF57C}"
EndProject
Global
	GlobalSection(SolutionConfigurationPlatforms) = preSolution
		Debug|Any CPU = Debug|Any CPU
		Debug|ARM = Debug|ARM
		Debug|ARM64 = Debug|ARM64
		Debug|x64 = Debug|x64
		Debug|x86 = Debug|x86
		Release|Any CPU = Release|Any CPU
		Release|ARM = Release|ARM
		Release|ARM64 = Release|ARM64
		Release|x64 = Release|x64
		Release|x86 = Release|x86
	EndGlobalSection
	GlobalSection(ProjectConfigurationPlatforms) = postSolution
		{B99497EE-C584-4E61-AC12-F667810F32FA}.Debug|Any CPU.ActiveCfg = Debug|Any CPU
		{B99497EE-C584-4E61-AC12-F667810F32FA}.Debug|Any CPU.Build.0 = Debug|Any CPU
		{B99497EE-C584-4E61-AC12-F667810F32FA}.Debug|ARM.ActiveCfg = Debug|Any CPU
		{B99497EE-C584-4E61-AC12-F667810F32FA}.Debug|ARM.Build.0 = Debug|Any CPU
		{B99497EE-C584-4E61-AC12-F667810F32FA}.Debug|ARM64.ActiveCfg = Debug|Any CPU
		{B99497EE-C584-4E61-AC12-F667810F32FA}.Debug|ARM64.Build.0 = Debug|Any CPU
		{B99497EE-C584-4E61-AC12-F667810F32FA}.Debug|x64.ActiveCfg = Debug|Any CPU
		{B99497EE-C584-4E61-AC12-F667810F32FA}.Debug|x64.Build.0 = Debug|Any CPU
		{B99497EE-C584-4E61-AC12-F667810F32FA}.Debug|x86.ActiveCfg = Debug|Any CPU
		{B99497EE-C584-4E61-AC12-F667810F32FA}.Debug|x86.Build.0 = Debug|Any CPU
		{B99497EE-C584-4E61-AC12-F667810F32FA}.Release|Any CPU.ActiveCfg = Release|Any CPU
		{B99497EE-C584-4E61-AC12-F667810F32FA}.Release|Any CPU.Build.0 = Release|Any CPU
		{B99497EE-C584-4E61-AC12-F667810F32FA}.Release|ARM.ActiveCfg = Release|Any CPU
		{B99497EE-C584-4E61-AC12-F667810F32FA}.Release|ARM.Build.0 = Release|Any CPU
		{B99497EE-C584-4E61-AC12-F667810F32FA}.Release|ARM64.ActiveCfg = Release|Any CPU
		{B99497EE-C584-4E61-AC12-F667810F32FA}.Release|ARM64.Build.0 = Release|Any CPU
		{B99497EE-C584-4E61-AC12-F667810F32FA}.Release|x64.ActiveCfg = Release|Any CPU
		{B99497EE-C584-4E61-AC12-F667810F32FA}.Release|x64.Build.0 = Release|Any CPU
		{B99497EE-C584-4E61-AC12-F667810F32FA}.Release|x86.ActiveCfg = Release|Any CPU
		{B99497EE-C584-4E61-AC12-F667810F32FA}.Release|x86.Build.0 = Release|Any CPU
		{5B6040D2-33F9-4D5A-A36A-703D424BBBCF}.Debug|Any CPU.ActiveCfg = Debug|Any CPU
		{5B6040D2-33F9-4D5A-A36A-703D424BBBCF}.Debug|Any CPU.Build.0 = Debug|Any CPU
		{5B6040D2-33F9-4D5A-A36A-703D424BBBCF}.Debug|ARM.ActiveCfg = Debug|Any CPU
		{5B6040D2-33F9-4D5A-A36A-703D424BBBCF}.Debug|ARM.Build.0 = Debug|Any CPU
		{5B6040D2-33F9-4D5A-A36A-703D424BBBCF}.Debug|ARM64.ActiveCfg = Debug|Any CPU
		{5B6040D2-33F9-4D5A-A36A-703D424BBBCF}.Debug|ARM64.Build.0 = Debug|Any CPU
		{5B6040D2-33F9-4D5A-A36A-703D424BBBCF}.Debug|x64.ActiveCfg = Debug|Any CPU
		{5B6040D2-33F9-4D5A-A36A-703D424BBBCF}.Debug|x64.Build.0 = Debug|Any CPU
		{5B6040D2-33F9-4D5A-A36A-703D424BBBCF}.Debug|x86.ActiveCfg = Debug|Any CPU
		{5B6040D2-33F9-4D5A-A36A-703D424BBBCF}.Debug|x86.Build.0 = Debug|Any CPU
		{5B6040D2-33F9-4D5A-A36A-703D424BBBCF}.Release|Any CPU.ActiveCfg = Release|Any CPU
		{5B6040D2-33F9-4D5A-A36A-703D424BBBCF}.Release|Any CPU.Build.0 = Release|Any CPU
		{5B6040D2-33F9-4D5A-A36A-703D424BBBCF}.Release|ARM.ActiveCfg = Release|Any CPU
		{5B6040D2-33F9-4D5A-A36A-703D424BBBCF}.Release|ARM.Build.0 = Release|Any CPU
		{5B6040D2-33F9-4D5A-A36A-703D424BBBCF}.Release|ARM64.ActiveCfg = Release|Any CPU
		{5B6040D2-33F9-4D5A-A36A-703D424BBBCF}.Release|ARM64.Build.0 = Release|Any CPU
		{5B6040D2-33F9-4D5A-A36A-703D424BBBCF}.Release|x64.ActiveCfg = Release|Any CPU
		{5B6040D2-33F9-4D5A-A36A-703D424BBBCF}.Release|x64.Build.0 = Release|Any CPU
		{5B6040D2-33F9-4D5A-A36A-703D424BBBCF}.Release|x86.ActiveCfg = Release|Any CPU
		{5B6040D2-33F9-4D5A-A36A-703D424BBBCF}.Release|x86.Build.0 = Release|Any CPU
		{821A8C82-D181-4DEB-B128-13FCFD6BF57C}.Debug|Any CPU.ActiveCfg = Debug|Any CPU
		{821A8C82-D181-4DEB-B128-13FCFD6BF57C}.Debug|Any CPU.Build.0 = Debug|Any CPU
		{821A8C82-D181-4DEB-B128-13FCFD6BF57C}.Debug|ARM.ActiveCfg = Debug|Any CPU
		{821A8C82-D181-4DEB-B128-13FCFD6BF57C}.Debug|ARM.Build.0 = Debug|Any CPU
		{821A8C82-D181-4DEB-B128-13FCFD6BF57C}.Debug|ARM64.ActiveCfg = Debug|Any CPU
		{821A8C82-D181-4DEB-B128-13FCFD6BF57C}.Debug|ARM64.Build.0 = Debug|Any CPU
		{821A8C82-D181-4DEB-B128-13FCFD6BF57C}.Debug|x64.ActiveCfg = Debug|Any CPU
		{821A8C82-D181-4DEB-B128-13FCFD6BF57C}.Debug|x64.Build.0 = Debug|Any CPU
		{821A8C82-D181-4DEB-B128-13FCFD6BF57C}.Debug|x86.ActiveCfg = Debug|Any CPU
		{821A8C82-D181-4DEB-B128-13FCFD6BF57C}.Debug|x86.Build.0 = Debug|Any CPU
		{821A8C82-D181-4DEB-B128-13FCFD6BF57C}.Release|Any CPU.ActiveCfg = Release|Any CPU
		{821A8C82-D181-4DEB-B128-13FCFD6BF57C}.Release|Any CPU.Build.0 = Release|Any CPU
		{821A8C82-D181-4DEB-B128-13FCFD6BF57C}.Release|ARM.ActiveCfg = Release|Any CPU
		{821A8C82-D181-4DEB-B128-13FCFD6BF57C}.Release|ARM.Build.0 = Release|Any CPU
		{821A8C82-D181-4DEB-B128-13FCFD6BF57C}.Release|ARM64.ActiveCfg = Release|Any CPU
		{821A8C82-D181-4DEB-B128-13FCFD6BF57C}.Release|ARM64.Build.0 = Release|Any CPU
		{821A8C82-D181-4DEB-B128-13FCFD6BF57C}.Release|x64.ActiveCfg = Release|Any CPU
		{821A8C82-D181-4DEB-B128-13FCFD6BF57C}.Release|x64.Build.0 = Release|Any CPU
		{821A8C82-D181-4DEB-B128-13FCFD6BF57C}.Release|x86.ActiveCfg = Release|Any CPU
		{821A8C82-D181-4DEB-B128-13FCFD6BF57C}.Release|x86.Build.0 = Release|Any CPU
	EndGlobalSection
	GlobalSection(SolutionProperties) = preSolution
		HideSolutionNode = FALSE
	EndGlobalSection
	GlobalSection(ExtensibilityGlobals) = postSolution
		SolutionGuid = {55281DD7-1D11-4041-9721-9D199716C161}
	EndGlobalSection
EndGlobal
